// !$*UTF8*$!
{
	archiveVersion = 1;
	classes = {
	};
	objectVersion = 50;
	objects = {

/* Begin PBXBuildFile section */
		2205F32825AD5B0A003BE2E2 /* Question.swift in Sources */ = {isa = PBXBuildFile; fileRef = 2205F32725AD5B0A003BE2E2 /* Question.swift */; };
		2205F33025AD61AD003BE2E2 /* QuizBrain.swift in Sources */ = {isa = PBXBuildFile; fileRef = 2205F32F25AD61AD003BE2E2 /* QuizBrain.swift */; };
		2206002A25A8980B00CFD1E8 /* AppDelegate.swift in Sources */ = {isa = PBXBuildFile; fileRef = 2206002925A8980B00CFD1E8 /* AppDelegate.swift */; };
		2206002C25A8980B00CFD1E8 /* SceneDelegate.swift in Sources */ = {isa = PBXBuildFile; fileRef = 2206002B25A8980B00CFD1E8 /* SceneDelegate.swift */; };
		2206002E25A8980B00CFD1E8 /* ViewController.swift in Sources */ = {isa = PBXBuildFile; fileRef = 2206002D25A8980B00CFD1E8 /* ViewController.swift */; };
		2206003125A8980B00CFD1E8 /* Main.storyboard in Resources */ = {isa = PBXBuildFile; fileRef = 2206002F25A8980B00CFD1E8 /* Main.storyboard */; };
		2206003325A8980F00CFD1E8 /* Assets.xcassets in Resources */ = {isa = PBXBuildFile; fileRef = 2206003225A8980F00CFD1E8 /* Assets.xcassets */; };
		2206003625A8980F00CFD1E8 /* LaunchScreen.storyboard in Resources */ = {isa = PBXBuildFile; fileRef = 2206003425A8980F00CFD1E8 /* LaunchScreen.storyboard */; };
/* End PBXBuildFile section */

/* Begin PBXFileReference section */
		2205F32725AD5B0A003BE2E2 /* Question.swift */ = {isa = PBXFileReference; lastKnownFileType = sourcecode.swift; path = Question.swift; sourceTree = "<group>"; };
		2205F32F25AD61AD003BE2E2 /* QuizBrain.swift */ = {isa = PBXFileReference; lastKnownFileType = sourcecode.swift; path = QuizBrain.swift; sourceTree = "<group>"; };
		2206002625A8980B00CFD1E8 /* Quizzler.app */ = {isa = PBXFileReference; explicitFileType = wrapper.application; includeInIndex = 0; path = Quizzler.app; sourceTree = BUILT_PRODUCTS_DIR; };
		2206002925A8980B00CFD1E8 /* AppDelegate.swift */ = {isa = PBXFileReference; lastKnownFileType = sourcecode.swift; path = AppDelegate.swift; sourceTree = "<group>"; };
		2206002B25A8980B00CFD1E8 /* SceneDelegate.swift */ = {isa = PBXFileReference; lastKnownFileType = sourcecode.swift; path = SceneDelegate.swift; sourceTree = "<group>"; };
		2206002D25A8980B00CFD1E8 /* ViewController.swift */ = {isa = PBXFileReference; lastKnownFileType = sourcecode.swift; path = ViewController.swift; sourceTree = "<group>"; };
		2206003025A8980B00CFD1E8 /* Base */ = {isa = PBXFileReference; lastKnownFileType = file.storyboard; name = Base; path = Base.lproj/Main.storyboard; sourceTree = "<group>"; };
		2206003225A8980F00CFD1E8 /* Assets.xcassets */ = {isa = PBXFileReference; lastKnownFileType = folder.assetcatalog; path = Assets.xcassets; sourceTree = "<group>"; };
		2206003525A8980F00CFD1E8 /* Base */ = {isa = PBXFileReference; lastKnownFileType = file.storyboard; name = Base; path = Base.lproj/LaunchScreen.storyboard; sourceTree = "<group>"; };
		2206003725A8980F00CFD1E8 /* Info.plist */ = {isa = PBXFileReference; lastKnownFileType = text.plist.xml; path = Info.plist; sourceTree = "<group>"; };
/* End PBXFileReference section */

/* Begin PBXFrameworksBuildPhase section */
		2206002325A8980B00CFD1E8 /* Frameworks */ = {
			isa = PBXFrameworksBuildPhase;
			buildActionMask = 2147483647;
			files = (
			);
			runOnlyForDeploymentPostprocessing = 0;
		};
/* End PBXFrameworksBuildPhase section */

/* Begin PBXGroup section */
		2205F32A25AD613F003BE2E2 /* Model */ = {
			isa = PBXGroup;
			children = (
				2205F32725AD5B0A003BE2E2 /* Question.swift */,
				2205F32F25AD61AD003BE2E2 /* QuizBrain.swift */,
			);
			path = Model;
			sourceTree = "<group>";
		};
		2205F32B25AD6150003BE2E2 /* View */ = {
			isa = PBXGroup;
			children = (
				2206002F25A8980B00CFD1E8 /* Main.storyboard */,
			);
			path = View;
			sourceTree = "<group>";
		};
		2205F32C25AD6157003BE2E2 /* Controller */ = {
			isa = PBXGroup;
			children = (
				2206002D25A8980B00CFD1E8 /* ViewController.swift */,
			);
			path = Controller;
			sourceTree = "<group>";
		};
		2206001D25A8980B00CFD1E8 = {
			isa = PBXGroup;
			children = (
				2206002825A8980B00CFD1E8 /* Quizzler */,
				2206002725A8980B00CFD1E8 /* Products */,
			);
			sourceTree = "<group>";
		};
		2206002725A8980B00CFD1E8 /* Products */ = {
			isa = PBXGroup;
			children = (
				2206002625A8980B00CFD1E8 /* Quizzler.app */,
			);
			name = Products;
			sourceTree = "<group>";
		};
		2206002825A8980B00CFD1E8 /* Quizzler */ = {
			isa = PBXGroup;
			children = (
				2206002925A8980B00CFD1E8 /* AppDelegate.swift */,
				2206002B25A8980B00CFD1E8 /* SceneDelegate.swift */,
				2205F32A25AD613F003BE2E2 /* Model */,
				2205F32C25AD6157003BE2E2 /* Controller */,
				2205F32B25AD6150003BE2E2 /* View */,
				2206003225A8980F00CFD1E8 /* Assets.xcassets */,
				2206003425A8980F00CFD1E8 /* LaunchScreen.storyboard */,
				2206003725A8980F00CFD1E8 /* Info.plist */,
			);
			path = Quizzler;
			sourceTree = "<group>";
		};
/* End PBXGroup section */

/* Begin PBXNativeTarget section */
		2206002525A8980B00CFD1E8 /* Quizzler */ = {
			isa = PBXNativeTarget;
			buildConfigurationList = 2206003A25A8980F00CFD1E8 /* Build configuration list for PBXNativeTarget "Quizzler" */;
			buildPhases = (
				2206002225A8980B00CFD1E8 /* Sources */,
				2206002325A8980B00CFD1E8 /* Frameworks */,
				2206002425A8980B00CFD1E8 /* Resources */,
			);
			buildRules = (
			);
			dependencies = (
			);
			name = Quizzler;
			productName = Quizzler;
			productReference = 2206002625A8980B00CFD1E8 /* Quizzler.app */;
			productType = "com.apple.product-type.application";
		};
/* End PBXNativeTarget section */

/* Begin PBXProject section */
		2206001E25A8980B00CFD1E8 /* Project object */ = {
			isa = PBXProject;
			attributes = {
				LastSwiftUpdateCheck = 1200;
				LastUpgradeCheck = 1200;
				TargetAttributes = {
					2206002525A8980B00CFD1E8 = {
						CreatedOnToolsVersion = 12.0.1;
					};
				};
			};
			buildConfigurationList = 2206002125A8980B00CFD1E8 /* Build configuration list for PBXProject "Quizzler" */;
			compatibilityVersion = "Xcode 9.3";
			developmentRegion = en;
			hasScannedForEncodings = 0;
			knownRegions = (
				en,
				Base,
			);
			mainGroup = 2206001D25A8980B00CFD1E8;
			productRefGroup = 2206002725A8980B00CFD1E8 /* Products */;
			projectDirPath = "";
			projectRoot = "";
			targets = (
				2206002525A8980B00CFD1E8 /* Quizzler */,
			);
		};
/* End PBXProject section */

/* Begin PBXResourcesBuildPhase section */
		2206002425A8980B00CFD1E8 /* Resources */ = {
			isa = PBXResourcesBuildPhase;
			buildActionMask = 2147483647;
			files = (
				2206003625A8980F00CFD1E8 /* LaunchScreen.storyboard in Resources */,
				2206003325A8980F00CFD1E8 /* Assets.xcassets in Resources */,
				2206003125A8980B00CFD1E8 /* Main.storyboard in Resources */,
			);
			runOnlyForDeploymentPostprocessing = 0;
		};
/* End PBXResourcesBuildPhase section */

/* Begin PBXSourcesBuildPhase section */
		2206002225A8980B00CFD1E8 /* Sources */ = {
			isa = PBXSourcesBuildPhase;
			buildActionMask = 2147483647;
			files = (
				2205F33025AD61AD003BE2E2 /* QuizBrain.swift in Sources */,
				2206002E25A8980B00CFD1E8 /* ViewController.swift in Sources */,
				2205F32825AD5B0A003BE2E2 /* Question.swift in Sources */,
				2206002A25A8980B00CFD1E8 /* AppDelegate.swift in Sources */,
				2206002C25A8980B00CFD1E8 /* SceneDelegate.swift in Sources */,
			);
			runOnlyForDeploymentPostprocessing = 0;
		};
/* End PBXSourcesBuildPhase section */

/* Begin PBXVariantGroup section */
		2206002F25A8980B00CFD1E8 /* Main.storyboard */ = {
			isa = PBXVariantGroup;
			children = (
				2206003025A8980B00CFD1E8 /* Base */,
			);
			name = Main.storyboard;
			sourceTree = "<group>";
		};
		2206003425A8980F00CFD1E8 /* LaunchScreen.storyboard */ = {
			isa = PBXVariantGroup;
			children = (
				2206003525A8980F00CFD1E8 /* Base */,
			);
			name = LaunchScreen.storyboard;
			sourceTree = "<group>";
		};
/* End PBXVariantGroup section */

/* Begin XCBuildConfiguration section */
		2206003825A8980F00CFD1E8 /* Debug */ = {
			isa = XCBuildConfiguration;
			buildSettings = {
				ALWAYS_SEARCH_USER_PATHS = NO;
				CLANG_ANALYZER_NONNULL = YES;
				CLANG_ANALYZER_NUMBER_OBJECT_CONVERSION = YES_AGGRESSIVE;
				CLANG_CXX_LANGUAGE_STANDARD = "gnu++14";
				CLANG_CXX_LIBRARY = "libc++";
				CLANG_ENABLE_MODULES = YES;
				CLANG_ENABLE_OBJC_ARC = YES;
				CLANG_ENABLE_OBJC_WEAK = YES;
				CLANG_WARN_BLOCK_CAPTURE_AUTORELEASING = YES;
				CLANG_WARN_BOOL_CONVERSION = YES;
				CLANG_WARN_COMMA = YES;
				CLANG_WARN_CONSTANT_CONVERSION = YES;
				CLANG_WARN_DEPRECATED_OBJC_IMPLEMENTATIONS = YES;
				CLANG_WARN_DIRECT_OBJC_ISA_USAGE = YES_ERROR;
				CLANG_WARN_DOCUMENTATION_COMMENTS = YES;
				CLANG_WARN_EMPTY_BODY = YES;
				CLANG_WARN_ENUM_CONVERSION = YES;
				CLANG_WARN_INFINITE_RECURSION = YES;
				CLANG_WARN_INT_CONVERSION = YES;
				CLANG_WARN_NON_LITERAL_NULL_CONVERSION = YES;
				CLANG_WARN_OBJC_IMPLICIT_RETAIN_SELF = YES;
				CLANG_WARN_OBJC_LITERAL_CONVERSION = YES;
				CLANG_WARN_OBJC_ROOT_CLASS = YES_ERROR;
				CLANG_WARN_QUOTED_INCLUDE_IN_FRAMEWORK_HEADER = YES;
				CLANG_WARN_RANGE_LOOP_ANALYSIS = YES;
				CLANG_WARN_STRICT_PROTOTYPES = YES;
				CLANG_WARN_SUSPICIOUS_MOVE = YES;
				CLANG_WARN_UNGUARDED_AVAILABILITY = YES_AGGRESSIVE;
				CLANG_WARN_UNREACHABLE_CODE = YES;
				CLANG_WARN__DUPLICATE_METHOD_MATCH = YES;
				COPY_PHASE_STRIP = NO;
				DEBUG_INFORMATION_FORMAT = dwarf;
				ENABLE_STRICT_OBJC_MSGSEND = YES;
				ENABLE_TESTABILITY = YES;
				GCC_C_LANGUAGE_STANDARD = gnu11;
				GCC_DYNAMIC_NO_PIC = NO;
				GCC_NO_COMMON_BLOCKS = YES;
				GCC_OPTIMIZATION_LEVEL = 0;
				GCC_PREPROCESSOR_DEFINITIONS = (
					"DEBUG=1",
					"$(inherited)",
				);
				GCC_WARN_64_TO_32_BIT_CONVERSION = YES;
				GCC_WARN_ABOUT_RETURN_TYPE = YES_ERROR;
				GCC_WARN_UNDECLARED_SELECTOR = YES;
				GCC_WARN_UNINITIALIZED_AUTOS = YES_AGGRESSIVE;
				GCC_WARN_UNUSED_FUNCTION = YES;
				GCC_WARN_UNUSED_VARIABLE = YES;
				IPHONEOS_DEPLOYMENT_TARGET = 14.0;
				MTL_ENABLE_DEBUG_INFO = INCLUDE_SOURCE;
				MTL_FAST_MATH = YES;
				ONLY_ACTIVE_ARCH = YES;
				SDKROOT = iphoneos;
				SWIFT_ACTIVE_COMPILATION_CONDITIONS = DEBUG;
				SWIFT_OPTIMIZATION_LEVEL = "-Onone";
			};
			name = Debug;
		};
		2206003925A8980F00CFD1E8 /* Release */ = {
			isa = XCBuildConfiguration;
			buildSettings = {
				ALWAYS_SEARCH_USER_PATHS = NO;
				CLANG_ANALYZER_NONNULL = YES;
				CLANG_ANALYZER_NUMBER_OBJECT_CONVERSION = YES_AGGRESSIVE;
				CLANG_CXX_LANGUAGE_STANDARD = "gnu++14";
				CLANG_CXX_LIBRARY = "libc++";
				CLANG_ENABLE_MODULES = YES;
				CLANG_ENABLE_OBJC_ARC = YES;
				CLANG_ENABLE_OBJC_WEAK = YES;
				CLANG_WARN_BLOCK_CAPTURE_AUTORELEASING = YES;
				CLANG_WARN_BOOL_CONVERSION = YES;
				CLANG_WARN_COMMA = YES;
				CLANG_WARN_CONSTANT_CONVERSION = YES;
				CLANG_WARN_DEPRECATED_OBJC_IMPLEMENTATIONS = YES;
				CLANG_WARN_DIRECT_OBJC_ISA_USAGE = YES_ERROR;
				CLANG_WARN_DOCUMENTATION_COMMENTS = YES;
				CLANG_WARN_EMPTY_BODY = YES;
				CLANG_WARN_ENUM_CONVERSION = YES;
				CLANG_WARN_INFINITE_RECURSION = YES;
				CLANG_WARN_INT_CONVERSION = YES;
				CLANG_WARN_NON_LITERAL_NULL_CONVERSION = YES;
				CLANG_WARN_OBJC_IMPLICIT_RETAIN_SELF = YES;
				CLANG_WARN_OBJC_LITERAL_CONVERSION = YES;
				CLANG_WARN_OBJC_ROOT_CLASS = YES_ERROR;
				CLANG_WARN_QUOTED_INCLUDE_IN_FRAMEWORK_HEADER = YES;
				CLANG_WARN_RANGE_LOOP_ANALYSIS = YES;
				CLANG_WARN_STRICT_PROTOTYPES = YES;
				CLANG_WARN_SUSPICIOUS_MOVE = YES;
				CLANG_WARN_UNGUARDED_AVAILABILITY = YES_AGGRESSIVE;
				CLANG_WARN_UNREACHABLE_CODE = YES;
				CLANG_WARN__DUPLICATE_METHOD_MATCH = YES;
				COPY_PHASE_STRIP = NO;
				DEBUG_INFORMATION_FORMAT = "dwarf-with-dsym";
				ENABLE_NS_ASSERTIONS = NO;
				ENABLE_STRICT_OBJC_MSGSEND = YES;
				GCC_C_LANGUAGE_STANDARD = gnu11;
				GCC_NO_COMMON_BLOCKS = YES;
				GCC_WARN_64_TO_32_BIT_CONVERSION = YES;
				GCC_WARN_ABOUT_RETURN_TYPE = YES_ERROR;
				GCC_WARN_UNDECLARED_SELECTOR = YES;
				GCC_WARN_UNINITIALIZED_AUTOS = YES_AGGRESSIVE;
				GCC_WARN_UNUSED_FUNCTION = YES;
				GCC_WARN_UNUSED_VARIABLE = YES;
				IPHONEOS_DEPLOYMENT_TARGET = 14.0;
				MTL_ENABLE_DEBUG_INFO = NO;
				MTL_FAST_MATH = YES;
				SDKROOT = iphoneos;
				SWIFT_COMPILATION_MODE = wholemodule;
				SWIFT_OPTIMIZATION_LEVEL = "-O";
				VALIDATE_PRODUCT = YES;
			};
			name = Release;
		};
		2206003B25A8980F00CFD1E8 /* Debug */ = {
			isa = XCBuildConfiguration;
			buildSettings = {
				ASSETCATALOG_COMPILER_APPICON_NAME = AppIcon;
				ASSETCATALOG_COMPILER_GLOBAL_ACCENT_COLOR_NAME = AccentColor;
				CODE_SIGN_STYLE = Automatic;
				INFOPLIST_FILE = Quizzler/Info.plist;
				LD_RUNPATH_SEARCH_PATHS = (
					"$(inherited)",
					"@executable_path/Frameworks",
				);
				PRODUCT_BUNDLE_IDENTIFIER = self.edu.Quizzler;
				PRODUCT_NAME = "$(TARGET_NAME)";
				SWIFT_VERSION = 5.0;
				TARGETED_DEVICE_FAMILY = "1,2";
			};
			name = Debug;
		};
		2206003C25A8980F00CFD1E8 /* Release */ = {
			isa = XCBuildConfiguration;
			buildSettings = {
				ASSETCATALOG_COMPILER_APPICON_NAME = AppIcon;
				ASSETCATALOG_COMPILER_GLOBAL_ACCENT_COLOR_NAME = AccentColor;
				CODE_SIGN_STYLE = Automatic;
				INFOPLIST_FILE = Quizzler/Info.plist;
				LD_RUNPATH_SEARCH_PATHS = (
					"$(inherited)",
					"@executable_path/Frameworks",
				);
				PRODUCT_BUNDLE_IDENTIFIER = self.edu.Quizzler;
				PRODUCT_NAME = "$(TARGET_NAME)";
				SWIFT_VERSION = 5.0;
				TARGETED_DEVICE_FAMILY = "1,2";
			};
			name = Release;
		};
/* End XCBuildConfiguration section */

/* Begin XCConfigurationList section */
		2206002125A8980B00CFD1E8 /* Build configuration list for PBXProject "Quizzler" */ = {
			isa = XCConfigurationList;
			buildConfigurations = (
				2206003825A8980F00CFD1E8 /* Debug */,
				2206003925A8980F00CFD1E8 /* Release */,
			);
			defaultConfigurationIsVisible = 0;
			defaultConfigurationName = Release;
		};
		2206003A25A8980F00CFD1E8 /* Build configuration list for PBXNativeTarget "Quizzler" */ = {
			isa = XCConfigurationList;
			buildConfigurations = (
				2206003B25A8980F00CFD1E8 /* Debug */,
				2206003C25A8980F00CFD1E8 /* Release */,
			);
			defaultConfigurationIsVisible = 0;
			defaultConfigurationName = Release;
		};
/* End XCConfigurationList section */
	};
	rootObject = 2206001E25A8980B00CFD1E8 /* Project object */;
}
